
Microsoft Visual Studio Solution File, Format Version 12.00
# Visual Studio Version 17
VisualStudioVersion = 17.5.33414.496
MinimumVisualStudioVersion = 10.0.40219.1
Project("{9A19103F-16F7-4668-BE54-9A1E7A4F7556}") = "CheminAlgo", "CheminAlgo.csproj", "{C033622C-0EF6-4E45-9076-9971C6FFF035}"
EndProject
Global
	GlobalSection(SolutionConfigurationPlatforms) = preSolution
		Debug|Any CPU = Debug|Any CPU
		Release|Any CPU = Release|Any CPU
	EndGlobalSection
	GlobalSection(ProjectConfigurationPlatforms) = postSolution
		{C033622C-0EF6-4E45-9076-9971C6FFF035}.Debug|Any CPU.ActiveCfg = Debug|Any CPU
		{C033622C-0EF6-4E45-9076-9971C6FFF035}.Debug|Any CPU.Build.0 = Debug|Any CPU
		{C033622C-0EF6-4E45-9076-9971C6FFF035}.Release|Any CPU.ActiveCfg = Release|Any CPU
		{C033622C-0EF6-4E45-9076-9971C6FFF035}.Release|Any CPU.Build.0 = Release|Any CPU
	EndGlobalSection
	GlobalSection(SolutionProperties) = preSolution
		HideSolutionNode = FALSE
	EndGlobalSection
	GlobalSection(ExtensibilityGlobals) = postSolution
		SolutionGuid = {86B1170F-A84C-4CA9-8F40-DA35B0C2014D}
	EndGlobalSection
EndGlobal
